<?xml version="1.0" encoding="utf-8"?>
<Project ToolsVersion="4.0" xmlns="http://schemas.microsoft.com/developer/msbuild/2003">
  <ItemGroup>
    <Filter Include="Source Files">
      <UniqueIdentifier>{4FC737F1-C7A5-4376-A066-2A32D752A2FF}</UniqueIdentifier>
      <Extensions>cpp;c;cc;cxx;c++;cppm;ixx;def;odl;idl;hpj;bat;asm;asmx</Extensions>
    </Filter>
    <Filter Include="Header Files">
      <UniqueIdentifier>{93995380-89BD-4b04-88EB-625FBE52EBFB}</UniqueIdentifier>
      <Extensions>h;hh;hpp;hxx;h++;hm;inl;inc;ipp;xsd</Extensions>
    </Filter>
    <Filter Include="Resource Files">
      <UniqueIdentifier>{67DA6AB6-F800-4c08-8B7A-83BB121AAD01}</UniqueIdentifier>
      <Extensions>rc;ico;cur;bmp;dlg;rc2;rct;bin;rgs;gif;jpg;jpeg;jpe;resx;tiff;tif;png;wav;mfcribbon-ms</Extensions>
    </Filter>
  </ItemGroup>
  <ItemGroup>
    <ClInclude Include="src\DQEngine.h">
      <Filter>Header Files</Filter>
    </ClInclude>
    <ClInclude Include="externalLib\include\stb_image.h">
      <Filter>Header Files</Filter>
    </ClInclude>
    <ClInclude Include="externalLib\include\glad\glad.h">
      <Filter>Header Files</Filter>
    </ClInclude>
    <ClInclude Include="src\pch.h">
      <Filter>Header Files</Filter>
    </ClInclude>
    <ClInclude Include="src\Renderer\Texture.h">
      <Filter>Header Files</Filter>
    </ClInclude>
    <ClInclude Include="src\Renderer\Renderer2D.h">
      <Filter>Header Files</Filter>
    </ClInclude>
    <ClInclude Include="src\Renderer\Shader.h">
      <Filter>Header Files</Filter>
    </ClInclude>
    <ClInclude Include="src\Core\Rect.h">
      <Filter>Header Files</Filter>
    </ClInclude>
    <ClInclude Include="src\Core\Vector.h">
      <Filter>Header Files</Filter>
    </ClInclude>
    <ClInclude Include="src\Components\TiltedMapComponent.h">
      <Filter>Header Files</Filter>
    </ClInclude>
    <ClInclude Include="src\Components\Component.h">
      <Filter>Header Files</Filter>
    </ClInclude>
    <ClInclude Include="src\Components\SpriteComponent.h">
      <Filter>Header Files</Filter>
    </ClInclude>
    <ClInclude Include="src\Components\GameApp.h">
      <Filter>Header Files</Filter>
    </ClInclude>
    <ClInclude Include="src\Components\Animation.h">
      <Filter>Header Files</Filter>
    </ClInclude>
    <ClInclude Include="src\Components\AnimationClip.h">
      <Filter>Header Files</Filter>
    </ClInclude>
    <ClInclude Include="src\Components\Animation2DComponent.h">
      <Filter>Header Files</Filter>
    </ClInclude>
    <ClInclude Include="src\Core\Input.h">
      <Filter>Header Files</Filter>
    </ClInclude>
    <ClInclude Include="src\Components\PositionComponent.h">
      <Filter>Header Files</Filter>
    </ClInclude>
    <ClInclude Include="src\Components\ShapeComponent.h">
      <Filter>Header Files</Filter>
    </ClInclude>
    <ClInclude Include="src\Components\RectangleComponent.h">
      <Filter>Header Files</Filter>
    </ClInclude>
    <ClInclude Include="src\Core\CollisionCallbacks.h">
      <Filter>Header Files</Filter>
    </ClInclude>
    <ClInclude Include="src\Core\Broadphase.h">
      <Filter>Header Files</Filter>
    </ClInclude>
    <ClInclude Include="src\Core\Flip.h">
      <Filter>Header Files</Filter>
    </ClInclude>
    <ClInclude Include="src\Components\CameraComponent.h">
      <Filter>Header Files</Filter>
    </ClInclude>
    <ClInclude Include="src\Core\TextureManager.h">
      <Filter>Header Files</Filter>
    </ClInclude>
    <ClInclude Include="src\Renderer\RenderCommand.h">
      <Filter>Header Files</Filter>
    </ClInclude>
    <ClInclude Include="src\Components\RigidbodyComponent.h">
      <Filter>Header Files</Filter>
    </ClInclude>
    <ClInclude Include="src\Core\SpatialGrid.h">
      <Filter>Header Files</Filter>
    </ClInclude>
    <ClInclude Include="src\Core\Board.h">
      <Filter>Header Files</Filter>
    </ClInclude>
    <ClInclude Include="src\Core\BaseBoard.h">
      <Filter>Header Files</Filter>
    </ClInclude>
    <ClInclude Include="src\Components\CharacterController.h">
      <Filter>Header Files</Filter>
    </ClInclude>
    <ClInclude Include="src\Core\IState.h">
      <Filter>Header Files</Filter>
    </ClInclude>
    <ClInclude Include="src\Core\StateMachine.h">
      <Filter>Header Files</Filter>
    </ClInclude>
    <ClInclude Include="src\Components\StateMachineComponent.h">
      <Filter>Header Files</Filter>
    </ClInclude>
    <ClInclude Include="src\Core\Color.h">
      <Filter>Header Files</Filter>
    </ClInclude>
  </ItemGroup>
  <ItemGroup>
    <ClCompile Include="src\DQEngine.cpp">
      <Filter>Source Files</Filter>
    </ClCompile>
    <ClCompile Include="externalLib\include\glad\glad.c">
      <Filter>Source Files</Filter>
    </ClCompile>
    <ClCompile Include="src\pch.cpp">
      <Filter>Source Files</Filter>
    </ClCompile>
    <ClCompile Include="externalLib\include\stb_image.cpp">
      <Filter>Source Files</Filter>
    </ClCompile>
    <ClCompile Include="src\Renderer\Texture.cpp">
      <Filter>Source Files</Filter>
    </ClCompile>
    <ClCompile Include="src\Renderer\Renderer2D.cpp">
      <Filter>Source Files</Filter>
    </ClCompile>
    <ClCompile Include="src\Renderer\Shader.cpp">
      <Filter>Source Files</Filter>
    </ClCompile>
    <ClCompile Include="src\Core\Rect.cpp">
      <Filter>Source Files</Filter>
    </ClCompile>
    <ClCompile Include="src\Core\Vector.cpp">
      <Filter>Source Files</Filter>
    </ClCompile>
    <ClCompile Include="src\Components\TiltedMapComponent.cpp">
      <Filter>Source Files</Filter>
    </ClCompile>
    <ClCompile Include="src\Components\Component.cpp">
      <Filter>Source Files</Filter>
    </ClCompile>
    <ClCompile Include="src\Components\SpriteComponent.cpp">
      <Filter>Source Files</Filter>
    </ClCompile>
    <ClCompile Include="src\Components\GameApp.cpp">
      <Filter>Source Files</Filter>
    </ClCompile>
    <ClCompile Include="src\Components\Animation.cpp">
      <Filter>Source Files</Filter>
    </ClCompile>
    <ClCompile Include="src\Components\AnimationClip.cpp">
      <Filter>Source Files</Filter>
    </ClCompile>
    <ClCompile Include="src\Components\Animation2DComponent.cpp">
      <Filter>Source Files</Filter>
    </ClCompile>
    <ClCompile Include="src\Core\Input.cpp">
      <Filter>Source Files</Filter>
    </ClCompile>
    <ClCompile Include="src\Components\PositionComponent.cpp">
      <Filter>Source Files</Filter>
    </ClCompile>
    <ClCompile Include="src\Components\ShapeComponent.cpp">
      <Filter>Source Files</Filter>
    </ClCompile>
    <ClCompile Include="src\Components\RectangleComponent.cpp">
      <Filter>Source Files</Filter>
    </ClCompile>
    <ClCompile Include="src\Core\Broadphase.cpp">
      <Filter>Source Files</Filter>
    </ClCompile>
    <ClCompile Include="src\Components\CameraComponent.cpp">
      <Filter>Source Files</Filter>
    </ClCompile>
    <ClCompile Include="src\Core\TextureManager.cpp">
      <Filter>Source Files</Filter>
    </ClCompile>
    <ClCompile Include="src\Core\SpatialGrid.cpp">
      <Filter>Source Files</Filter>
    </ClCompile>
    <ClCompile Include="src\Core\BaseBoard.cpp">
      <Filter>Source Files</Filter>
    </ClCompile>
    <ClCompile Include="src\Components\CharacterController.cpp">
      <Filter>Source Files</Filter>
    </ClCompile>
    <ClCompile Include="src\Core\StateMachine.cpp">
      <Filter>Source Files</Filter>
    </ClCompile>
    <ClCompile Include="src\Components\StateMachineComponent.cpp">
      <Filter>Source Files</Filter>
    </ClCompile>
  </ItemGroup>
  <ItemGroup>
    <None Include="assets\shaders\vertex.glsl" />
    <None Include="assets\shaders\fragment.glsl" />
  </ItemGroup>
</Project>