
Microsoft Visual Studio Solution File, Format Version 12.00
# Visual Studio Version 18
VisualStudioVersion = 18.7.11911.148 stable
MinimumVisualStudioVersion = 10.0.40219.1
Project("{8BC9CEB8-8B4A-11D0-8D11-00A0C91BC942}") = "DQGameEngine", "DQGameEngine\DQGameEngine.vcxproj", "{F29A0494-B6FB-47E8-85C8-8E6B62C196F5}"
EndProject
Project("{8BC9CEB8-8B4A-11D0-8D11-00A0C91BC942}") = "Sandbox", "Sandbox\Sandbox.vcxproj", "{9577C575-3B66-4C03-845E-B5145576CA9F}"
EndProject
Project("{8BC9CEB8-8B4A-11D0-8D11-00A0C91BC942}") = "ConsoleApplication1", "ConsoleApplication1\ConsoleApplication1.vcxproj", "{35EDDF2C-65AE-4ED7-B99B-54ED9F6BC271}"
EndProject
Global
	GlobalSection(SolutionConfigurationPlatforms) = preSolution
		Debug|x64 = Debug|x64
		Debug|x86 = Debug|x86
		Release|x64 = Release|x64
		Release|x86 = Release|x86
	EndGlobalSection
	GlobalSection(ProjectConfigurationPlatforms) = postSolution
		{F29A0494-B6FB-47E8-85C8-8E6B62C196F5}.Debug|x64.ActiveCfg = Debug|x64
		{F29A0494-B6FB-47E8-85C8-8E6B62C196F5}.Debug|x64.Build.0 = Debug|x64
		{F29A0494-B6FB-47E8-85C8-8E6B62C196F5}.Debug|x86.ActiveCfg = Debug|Win32
		{F29A0494-B6FB-47E8-85C8-8E6B62C196F5}.Debug|x86.Build.0 = Debug|Win32
		{F29A0494-B6FB-47E8-85C8-8E6B62C196F5}.Release|x64.ActiveCfg = Release|x64
		{F29A0494-B6FB-47E8-85C8-8E6B62C196F5}.Release|x64.Build.0 = Release|x64
		{F29A0494-B6FB-47E8-85C8-8E6B62C196F5}.Release|x86.ActiveCfg = Release|Win32
		{F29A0494-B6FB-47E8-85C8-8E6B62C196F5}.Release|x86.Build.0 = Release|Win32
		{9577C575-3B66-4C03-845E-B5145576CA9F}.Debug|x64.ActiveCfg = Debug|x64
		{9577C575-3B66-4C03-845E-B5145576CA9F}.Debug|x64.Build.0 = Debug|x64
		{9577C575-3B66-4C03-845E-B5145576CA9F}.Debug|x86.ActiveCfg = Debug|Win32
		{9577C575-3B66-4C03-845E-B5145576CA9F}.Debug|x86.Build.0 = Debug|Win32
		{9577C575-3B66-4C03-845E-B5145576CA9F}.Release|x64.ActiveCfg = Release|x64
		{9577C575-3B66-4C03-845E-B5145576CA9F}.Release|x64.Build.0 = Release|x64
		{9577C575-3B66-4C03-845E-B5145576CA9F}.Release|x86.ActiveCfg = Release|Win32
		{9577C575-3B66-4C03-845E-B5145576CA9F}.Release|x86.Build.0 = Release|Win32
		{35EDDF2C-65AE-4ED7-B99B-54ED9F6BC271}.Debug|x64.ActiveCfg = Debug|x64
		{35EDDF2C-65AE-4ED7-B99B-54ED9F6BC271}.Debug|x64.Build.0 = Debug|x64
		{35EDDF2C-65AE-4ED7-B99B-54ED9F6BC271}.Debug|x86.ActiveCfg = Debug|Win32
		{35EDDF2C-65AE-4ED7-B99B-54ED9F6BC271}.Debug|x86.Build.0 = Debug|Win32
		{35EDDF2C-65AE-4ED7-B99B-54ED9F6BC271}.Release|x64.ActiveCfg = Release|x64
		{35EDDF2C-65AE-4ED7-B99B-54ED9F6BC271}.Release|x64.Build.0 = Release|x64
		{35EDDF2C-65AE-4ED7-B99B-54ED9F6BC271}.Release|x86.ActiveCfg = Release|Win32
		{35EDDF2C-65AE-4ED7-B99B-54ED9F6BC271}.Release|x86.Build.0 = Release|Win32
	EndGlobalSection
	GlobalSection(SolutionProperties) = preSolution
		HideSolutionNode = FALSE
	EndGlobalSection
	GlobalSection(ExtensibilityGlobals) = postSolution
		SolutionGuid = {FCB8996C-9C3B-4977-B329-203F75609F6A}
	EndGlobalSection
EndGlobal
